
Microsoft Visual Studio Solution File, Format Version 12.00
# Visual Studio Version 16
VisualStudioVersion = 16.0.30611.23
MinimumVisualStudioVersion = 10.0.40219.1
Project("{FAE04EC0-301F-11D3-BF4B-00C04F79EFBC}") = "DstCompensatedDateTime.Classes", "NoDaylightSavingTimeDateTime.Classes\DstCompensatedDateTime.Classes.csproj", "{A717BD9F-B6E2-41D2-BCA3-97F5A6C08F88}"
EndProject
Project("{FAE04EC0-301F-11D3-BF4B-00C04F79EFBC}") = "DstCompensatedDateTime.Test.Unit", "NoDaylightSavingTimeDateTime.Test.Unit\DstCompensatedDateTime.Test.Unit.csproj", "{1FFED69C-B39A-4D54-ACD8-C123254BF920}"
EndProject
Global
	GlobalSection(SolutionConfigurationPlatforms) = preSolution
		Debug|Any CPU = Debug|Any CPU
		Release|Any CPU = Release|Any CPU
	EndGlobalSection
	GlobalSection(ProjectConfigurationPlatforms) = postSolution
		{A717BD9F-B6E2-41D2-BCA3-97F5A6C08F88}.Debug|Any CPU.ActiveCfg = Debug|Any CPU
		{A717BD9F-B6E2-41D2-BCA3-97F5A6C08F88}.Debug|Any CPU.Build.0 = Debug|Any CPU
		{A717BD9F-B6E2-41D2-BCA3-97F5A6C08F88}.Release|Any CPU.ActiveCfg = Release|Any CPU
		{A717BD9F-B6E2-41D2-BCA3-97F5A6C08F88}.Release|Any CPU.Build.0 = Release|Any CPU
		{1FFED69C-B39A-4D54-ACD8-C123254BF920}.Debug|Any CPU.ActiveCfg = Debug|Any CPU
		{1FFED69C-B39A-4D54-ACD8-C123254BF920}.Debug|Any CPU.Build.0 = Debug|Any CPU
		{1FFED69C-B39A-4D54-ACD8-C123254BF920}.Release|Any CPU.ActiveCfg = Release|Any CPU
		{1FFED69C-B39A-4D54-ACD8-C123254BF920}.Release|Any CPU.Build.0 = Release|Any CPU
	EndGlobalSection
	GlobalSection(SolutionProperties) = preSolution
		HideSolutionNode = FALSE
	EndGlobalSection
	GlobalSection(ExtensibilityGlobals) = postSolution
		SolutionGuid = {A9EC83A3-F7DF-4A63-84A5-748AD57EB1B4}
	EndGlobalSection
EndGlobal
